// !$*UTF8*$!
{
	archiveVersion = 1;
	classes = {
	};
	objectVersion = 56;
	objects = {

/* Begin PBXBuildFile section */
		AA00000000000000000000B1 /* ClippyApp.swift in Sources */ = {isa = PBXBuildFile; fileRef = AA00000000000000000000A1 /* ClippyApp.swift */; };
		AA00000000000000000000B2 /* AppDelegate.swift in Sources */ = {isa = PBXBuildFile; fileRef = AA00000000000000000000A2 /* AppDelegate.swift */; };
		AA00000000000000000000B3 /* ClipboardMonitor.swift in Sources */ = {isa = PBXBuildFile; fileRef = AA00000000000000000000A3 /* ClipboardMonitor.swift */; };
		AA00000000000000000000B4 /* HotKeyManager.swift in Sources */ = {isa = PBXBuildFile; fileRef = AA00000000000000000000A4 /* HotKeyManager.swift */; };
		AA00000000000000000000B5 /* PasteSimulator.swift in Sources */ = {isa = PBXBuildFile; fileRef = AA00000000000000000000A5 /* PasteSimulator.swift */; };
		AA00000000000000000000B6 /* PickerWindow.swift in Sources */ = {isa = PBXBuildFile; fileRef = AA00000000000000000000A6 /* PickerWindow.swift */; };
		AA00000000000000000000B7 /* PickerView.swift in Sources */ = {isa = PBXBuildFile; fileRef = AA00000000000000000000A7 /* PickerView.swift */; };
		AA00000000000000000000B8 /* Assets.xcassets in Resources */ = {isa = PBXBuildFile; fileRef = AA00000000000000000000A9 /* Assets.xcassets */; };
/* End PBXBuildFile section */

/* Begin PBXFileReference section */
		AA00000000000000000000A0 /* clippy.app */ = {isa = PBXFileReference; explicitFileType = wrapper.application; includeInIndex = 0; path = clippy.app; sourceTree = BUILT_PRODUCTS_DIR; };
		AA00000000000000000000A1 /* ClippyApp.swift */ = {isa = PBXFileReference; lastKnownFileType = sourcecode.swift; path = ClippyApp.swift; sourceTree = "<group>"; };
		AA00000000000000000000A2 /* AppDelegate.swift */ = {isa = PBXFileReference; lastKnownFileType = sourcecode.swift; path = AppDelegate.swift; sourceTree = "<group>"; };
		AA00000000000000000000A3 /* ClipboardMonitor.swift */ = {isa = PBXFileReference; lastKnownFileType = sourcecode.swift; path = ClipboardMonitor.swift; sourceTree = "<group>"; };
		AA00000000000000000000A4 /* HotKeyManager.swift */ = {isa = PBXFileReference; lastKnownFileType = sourcecode.swift; path = HotKeyManager.swift; sourceTree = "<group>"; };
		AA00000000000000000000A5 /* PasteSimulator.swift */ = {isa = PBXFileReference; lastKnownFileType = sourcecode.swift; path = PasteSimulator.swift; sourceTree = "<group>"; };
		AA00000000000000000000A6 /* PickerWindow.swift */ = {isa = PBXFileReference; lastKnownFileType = sourcecode.swift; path = PickerWindow.swift; sourceTree = "<group>"; };
		AA00000000000000000000A7 /* PickerView.swift */ = {isa = PBXFileReference; lastKnownFileType = sourcecode.swift; path = PickerView.swift; sourceTree = "<group>"; };
		AA00000000000000000000A8 /* Info.plist */ = {isa = PBXFileReference; lastKnownFileType = text.plist.xml; path = Info.plist; sourceTree = "<group>"; };
		AA00000000000000000000A9 /* Assets.xcassets */ = {isa = PBXFileReference; lastKnownFileType = folder.assetcatalog; path = Assets.xcassets; sourceTree = "<group>"; };
		AA00000000000000000000AA /* clippy.entitlements */ = {isa = PBXFileReference; lastKnownFileType = text.plist.entitlements; path = clippy.entitlements; sourceTree = "<group>"; };
/* End PBXFileReference section */

/* Begin PBXFrameworksBuildPhase section */
		AA00000000000000000000D3 /* Frameworks */ = {
			isa = PBXFrameworksBuildPhase;
			buildActionMask = 2147483647;
			files = (
			);
			runOnlyForDeploymentPostprocessing = 0;
		};
/* End PBXFrameworksBuildPhase section */

/* Begin PBXGroup section */
		AA00000000000000000000C7 /* Products */ = {
			isa = PBXGroup;
			children = (
				AA00000000000000000000A0 /* clippy.app */,
			);
			name = Products;
			sourceTree = "<group>";
		};
		AA00000000000000000000C1 /* MainGroup */ = {
			isa = PBXGroup;
			children = (
				AA00000000000000000000C2 /* clippy */,
				AA00000000000000000000C7 /* Products */,
			);
			sourceTree = "<group>";
		};
		AA00000000000000000000C2 /* clippy */ = {
			isa = PBXGroup;
			children = (
				AA00000000000000000000A1 /* ClippyApp.swift */,
				AA00000000000000000000A2 /* AppDelegate.swift */,
				AA00000000000000000000C3 /* Clipboard */,
				AA00000000000000000000C4 /* HotKey */,
				AA00000000000000000000C5 /* Paste */,
				AA00000000000000000000C6 /* UI */,
				AA00000000000000000000A9 /* Assets.xcassets */,
				AA00000000000000000000A8 /* Info.plist */,
				AA00000000000000000000AA /* clippy.entitlements */,
			);
			path = clippy;
			sourceTree = "<group>";
		};
		AA00000000000000000000C3 /* Clipboard */ = {
			isa = PBXGroup;
			children = (
				AA00000000000000000000A3 /* ClipboardMonitor.swift */,
			);
			path = Clipboard;
			sourceTree = "<group>";
		};
		AA00000000000000000000C4 /* HotKey */ = {
			isa = PBXGroup;
			children = (
				AA00000000000000000000A4 /* HotKeyManager.swift */,
			);
			path = HotKey;
			sourceTree = "<group>";
		};
		AA00000000000000000000C5 /* Paste */ = {
			isa = PBXGroup;
			children = (
				AA00000000000000000000A5 /* PasteSimulator.swift */,
			);
			path = Paste;
			sourceTree = "<group>";
		};
		AA00000000000000000000C6 /* UI */ = {
			isa = PBXGroup;
			children = (
				AA00000000000000000000A6 /* PickerWindow.swift */,
				AA00000000000000000000A7 /* PickerView.swift */,
			);
			path = UI;
			sourceTree = "<group>";
		};
/* End PBXGroup section */

/* Begin PBXNativeTarget section */
		AA00000000000000000000B /* clippy */ = {
			isa = PBXNativeTarget;
			buildConfigurationList = AA00000000000000000000E /* Build configuration list for PBXNativeTarget "clippy" */;
			buildPhases = (
				AA00000000000000000000D1 /* Sources */,
				AA00000000000000000000D3 /* Frameworks */,
				AA00000000000000000000D2 /* Resources */,
			);
			buildRules = (
			);
			dependencies = (
			);
			name = clippy;
			productName = clippy;
			productReference = AA00000000000000000000A0 /* clippy.app */;
			productType = "com.apple.product-type.application";
		};
/* End PBXNativeTarget section */

/* Begin PBXProject section */
		AA000000000000000000000A /* Project object */ = {
			isa = PBXProject;
			attributes = {
				BuildIndependentTargetsInParallel = 1;
				LastSwiftUpdateCheck = 1500;
				LastUpgradeCheck = 1500;
				TargetAttributes = {
					AA00000000000000000000B /* clippy */ = {
						CreatedOnToolsVersion = 15.0;
					};
				};
			};
			buildConfigurationList = AA00000000000000000000D /* Build configuration list for PBXProject "clippy" */;
			compatibilityVersion = "Xcode 14.0";
			developmentRegion = en;
			hasScannedForEncodings = 0;
			knownRegions = (
				en,
				Base,
			);
			mainGroup = AA00000000000000000000C1 /* MainGroup */;
			productRefGroup = AA00000000000000000000C7 /* Products */;
			projectDirPath = "";
			projectRoot = "";
			targets = (
				AA00000000000000000000B /* clippy */,
			);
		};
/* End PBXProject section */

/* Begin PBXResourcesBuildPhase section */
		AA00000000000000000000D2 /* Resources */ = {
			isa = PBXResourcesBuildPhase;
			buildActionMask = 2147483647;
			files = (
				AA00000000000000000000B8 /* Assets.xcassets in Resources */,
			);
			runOnlyForDeploymentPostprocessing = 0;
		};
/* End PBXResourcesBuildPhase section */

/* Begin PBXSourcesBuildPhase section */
		AA00000000000000000000D1 /* Sources */ = {
			isa = PBXSourcesBuildPhase;
			buildActionMask = 2147483647;
			files = (
				AA00000000000000000000B1 /* ClippyApp.swift in Sources */,
				AA00000000000000000000B2 /* AppDelegate.swift in Sources */,
				AA00000000000000000000B3 /* ClipboardMonitor.swift in Sources */,
				AA00000000000000000000B4 /* HotKeyManager.swift in Sources */,
				AA00000000000000000000B5 /* PasteSimulator.swift in Sources */,
				AA00000000000000000000B6 /* PickerWindow.swift in Sources */,
				AA00000000000000000000B7 /* PickerView.swift in Sources */,
			);
			runOnlyForDeploymentPostprocessing = 0;
		};
/* End PBXSourcesBuildPhase section */

/* Begin XCBuildConfiguration section */
		AA00000000000000000000F /* Debug (project) */ = {
			isa = XCBuildConfiguration;
			buildSettings = {
				ALWAYS_SEARCH_USER_PATHS = NO;
				ASSETCATALOG_COMPILER_GENERATE_SWIFT_ASSET_SYMBOL_EXTENSIONS = YES;
				CLANG_ANALYZER_NONNULL = YES;
				CLANG_ANALYZER_NUMBER_OBJECT_CONVERSION = YES_AGGRESSIVE;
				CLANG_CXX_LANGUAGE_STANDARD = "gnu++20";
				CLANG_ENABLE_MODULES = YES;
				CLANG_ENABLE_OBJC_ARC = YES;
				CLANG_ENABLE_OBJC_WEAK = YES;
				CLANG_WARN_BLOCK_CAPTURE_AUTORELEASING = YES;
				CLANG_WARN_BOOL_CONVERSION = YES;
				CLANG_WARN_COMMA = YES;
				CLANG_WARN_CONSTANT_CONVERSION = YES;
				CLANG_WARN_DEPRECATED_OBJC_IMPLEMENTATIONS = YES;
				CLANG_WARN_DIRECT_OBJC_ISA_USAGE = YES_ERROR;
				CLANG_WARN_DOCUMENTATION_COMMENTS = YES;
				CLANG_WARN_EMPTY_BODY = YES;
				CLANG_WARN_ENUM_CONVERSION = YES;
				CLANG_WARN_INFINITE_RECURSION = YES;
				CLANG_WARN_INT_CONVERSION = YES;
				CLANG_WARN_NON_LITERAL_NULL_CONVERSION = YES;
				CLANG_WARN_OBJC_IMPLICIT_RETAIN_CYCLES = YES;
				CLANG_WARN_OBJC_LITERAL_CONVERSION = YES;
				CLANG_WARN_OBJC_ROOT_CLASS = YES_ERROR;
				CLANG_WARN_QUOTED_INCLUDE_IN_FRAMEWORK_HEADER = YES;
				CLANG_WARN_RANGE_LOOP_ANALYSIS = YES;
				CLANG_WARN_STRICT_PROTOTYPES = YES;
				CLANG_WARN_SUSPICIOUS_MOVE = YES;
				CLANG_WARN_UNGUARDED_AVAILABILITY = YES_AGGRESSIVE;
				CLANG_WARN_UNREACHABLE_CODE = YES;
				CLANG_WARN__DUPLICATE_METHOD_MATCH = YES;
				COPY_PHASE_STRIP = NO;
				DEBUG_INFORMATION_FORMAT = dwarf;
				ENABLE_STRICT_OBJC_MSGSEND = YES;
				ENABLE_TESTABILITY = YES;
				ENABLE_USER_SCRIPT_SANDBOXING = YES;
				GCC_C_LANGUAGE_STANDARD = gnu17;
				GCC_DYNAMIC_NO_PIC = NO;
				GCC_NO_COMMON_BLOCKS = YES;
				GCC_OPTIMIZATION_LEVEL = 0;
				GCC_PREPROCESSOR_DEFINITIONS = (
					"DEBUG=1",
					"$(inherited)",
				);
				GCC_WARN_64_TO_32_BIT_CONVERSION = YES;
				GCC_WARN_ABOUT_RETURN_TYPE = YES_ERROR;
				GCC_WARN_UNDECLARED_SELECTOR = YES;
				GCC_WARN_UNINITIALIZED_AUTOS = YES_AGGRESSIVE;
				GCC_WARN_UNUSED_FUNCTION = YES;
				GCC_WARN_UNUSED_VARIABLE = YES;
				LOCALIZATION_PREFERS_STRING_CATALOGS = YES;
				MACOSX_DEPLOYMENT_TARGET = 13.0;
				MTL_ENABLE_DEBUG_INFO = INCLUDE_SOURCE;
				MTL_FAST_MATH = YES;
				ONLY_ACTIVE_ARCH = YES;
				SDKROOT = macosx;
				SWIFT_ACTIVE_COMPILATION_CONDITIONS = "DEBUG $(inherited)";
				SWIFT_OPTIMIZATION_LEVEL = "-Onone";
			};
			name = Debug;
		};
		AA00000000000000000000G /* Release (project) */ = {
			isa = XCBuildConfiguration;
			buildSettings = {
				ALWAYS_SEARCH_USER_PATHS = NO;
				ASSETCATALOG_COMPILER_GENERATE_SWIFT_ASSET_SYMBOL_EXTENSIONS = YES;
				CLANG_ANALYZER_NONNULL = YES;
				CLANG_ANALYZER_NUMBER_OBJECT_CONVERSION = YES_AGGRESSIVE;
				CLANG_CXX_LANGUAGE_STANDARD = "gnu++20";
				CLANG_ENABLE_MODULES = YES;
				CLANG_ENABLE_OBJC_ARC = YES;
				CLANG_ENABLE_OBJC_WEAK = YES;
				CLANG_WARN_BLOCK_CAPTURE_AUTORELEASING = YES;
				CLANG_WARN_BOOL_CONVERSION = YES;
				CLANG_WARN_COMMA = YES;
				CLANG_WARN_CONSTANT_CONVERSION = YES;
				CLANG_WARN_DEPRECATED_OBJC_IMPLEMENTATIONS = YES;
				CLANG_WARN_DIRECT_OBJC_ISA_USAGE = YES_ERROR;
				CLANG_WARN_DOCUMENTATION_COMMENTS = YES;
				CLANG_WARN_EMPTY_BODY = YES;
				CLANG_WARN_ENUM_CONVERSION = YES;
				CLANG_WARN_INFINITE_RECURSION = YES;
				CLANG_WARN_INT_CONVERSION = YES;
				CLANG_WARN_NON_LITERAL_NULL_CONVERSION = YES;
				CLANG_WARN_OBJC_IMPLICIT_RETAIN_CYCLES = YES;
				CLANG_WARN_OBJC_LITERAL_CONVERSION = YES;
				CLANG_WARN_OBJC_ROOT_CLASS = YES_ERROR;
				CLANG_WARN_QUOTED_INCLUDE_IN_FRAMEWORK_HEADER = YES;
				CLANG_WARN_RANGE_LOOP_ANALYSIS = YES;
				CLANG_WARN_STRICT_PROTOTYPES = YES;
				CLANG_WARN_SUSPICIOUS_MOVE = YES;
				CLANG_WARN_UNGUARDED_AVAILABILITY = YES_AGGRESSIVE;
				CLANG_WARN_UNREACHABLE_CODE = YES;
				CLANG_WARN__DUPLICATE_METHOD_MATCH = YES;
				COPY_PHASE_STRIP = NO;
				DEBUG_INFORMATION_FORMAT = "dwarf-with-dsym";
				ENABLE_NS_ASSERTIONS = NO;
				ENABLE_STRICT_OBJC_MSGSEND = YES;
				ENABLE_USER_SCRIPT_SANDBOXING = YES;
				GCC_C_LANGUAGE_STANDARD = gnu17;
				GCC_NO_COMMON_BLOCKS = YES;
				GCC_WARN_64_TO_32_BIT_CONVERSION = YES;
				GCC_WARN_ABOUT_RETURN_TYPE = YES_ERROR;
				GCC_WARN_UNDECLARED_SELECTOR = YES;
				GCC_WARN_UNINITIALIZED_AUTOS = YES_AGGRESSIVE;
				GCC_WARN_UNUSED_FUNCTION = YES;
				GCC_WARN_UNUSED_VARIABLE = YES;
				LOCALIZATION_PREFERS_STRING_CATALOGS = YES;
				MACOSX_DEPLOYMENT_TARGET = 13.0;
				MTL_FAST_MATH = YES;
				SDKROOT = macosx;
				SWIFT_COMPILATION_MODE = wholemodule;
			};
			name = Release;
		};
		AA00000000000000000000H /* Debug (target) */ = {
			isa = XCBuildConfiguration;
			buildSettings = {
				ASSETCATALOG_COMPILER_APPICON_NAME = AppIcon;
				ASSETCATALOG_COMPILER_GLOBAL_ACCENT_COLOR_NAME = AccentColor;
				CODE_SIGN_ENTITLEMENTS = clippy/clippy.entitlements;
				CODE_SIGN_STYLE = Automatic;
				COMBINE_HIDPI_IMAGES = YES;
				CURRENT_PROJECT_VERSION = 1;
				GENERATE_INFOPLIST_FILE = NO;
				INFOPLIST_FILE = clippy/Info.plist;
				LD_RUNPATH_SEARCH_PATHS = (
					"$(inherited)",
					"@executable_path/../Frameworks",
				);
				MARKETING_VERSION = 1.0;
				PRODUCT_BUNDLE_IDENTIFIER = com.clippy.app;
				PRODUCT_NAME = "$(TARGET_NAME)";
				SWIFT_EMIT_LOC_STRINGS = YES;
				SWIFT_VERSION = 5.0;
				MACOSX_DEPLOYMENT_TARGET = 13.0;
			};
			name = Debug;
		};
		AA00000000000000000000I /* Release (target) */ = {
			isa = XCBuildConfiguration;
			buildSettings = {
				ASSETCATALOG_COMPILER_APPICON_NAME = AppIcon;
				ASSETCATALOG_COMPILER_GLOBAL_ACCENT_COLOR_NAME = AccentColor;
				CODE_SIGN_ENTITLEMENTS = clippy/clippy.entitlements;
				CODE_SIGN_STYLE = Automatic;
				COMBINE_HIDPI_IMAGES = YES;
				CURRENT_PROJECT_VERSION = 1;
				GENERATE_INFOPLIST_FILE = NO;
				INFOPLIST_FILE = clippy/Info.plist;
				LD_RUNPATH_SEARCH_PATHS = (
					"$(inherited)",
					"@executable_path/../Frameworks",
				);
				MARKETING_VERSION = 1.0;
				PRODUCT_BUNDLE_IDENTIFIER = com.clippy.app;
				PRODUCT_NAME = "$(TARGET_NAME)";
				SWIFT_EMIT_LOC_STRINGS = YES;
				SWIFT_VERSION = 5.0;
				MACOSX_DEPLOYMENT_TARGET = 13.0;
			};
			name = Release;
		};
/* End XCBuildConfiguration section */

/* Begin XCConfigurationList section */
		AA00000000000000000000D /* Build configuration list for PBXProject "clippy" */ = {
			isa = XCConfigurationList;
			buildConfigurations = (
				AA00000000000000000000F /* Debug */,
				AA00000000000000000000G /* Release */,
			);
			defaultConfigurationIsVisible = 0;
			defaultConfigurationName = Release;
		};
		AA00000000000000000000E /* Build configuration list for PBXNativeTarget "clippy" */ = {
			isa = XCConfigurationList;
			buildConfigurations = (
				AA00000000000000000000H /* Debug */,
				AA00000000000000000000I /* Release */,
			);
			defaultConfigurationIsVisible = 0;
			defaultConfigurationName = Release;
		};
/* End XCConfigurationList section */

	};
	rootObject = AA000000000000000000000A /* Project object */;
}
